
Microsoft Visual Studio Solution File, Format Version 12.00
# Visual Studio 15
VisualStudioVersion = 15.0.27703.2042
MinimumVisualStudioVersion = 10.0.40219.1
Project("{FAE04EC0-301F-11D3-BF4B-00C04F79EFBC}") = "WF_owl", "WF_owl\WF_owl.csproj", "{A92FAE79-819B-49E6-AD75-313539FFD2FD}"
EndProject
Global
	GlobalSection(SolutionConfigurationPlatforms) = preSolution
		Debug|Any CPU = Debug|Any CPU
		Release|Any CPU = Release|Any CPU
	EndGlobalSection
	GlobalSection(ProjectConfigurationPlatforms) = postSolution
		{A92FAE79-819B-49E6-AD75-313539FFD2FD}.Debug|Any CPU.ActiveCfg = Debug|Any CPU
		{A92FAE79-819B-49E6-AD75-313539FFD2FD}.Debug|Any CPU.Build.0 = Debug|Any CPU
		{A92FAE79-819B-49E6-AD75-313539FFD2FD}.Release|Any CPU.ActiveCfg = Release|Any CPU
		{A92FAE79-819B-49E6-AD75-313539FFD2FD}.Release|Any CPU.Build.0 = Release|Any CPU
	EndGlobalSection
	GlobalSection(SolutionProperties) = preSolution
		HideSolutionNode = FALSE
	EndGlobalSection
	GlobalSection(ExtensibilityGlobals) = postSolution
		SolutionGuid = {B28DB8CF-9155-4A9D-A0DE-52B733F1D1EB}
	EndGlobalSection
EndGlobal
